# The colony images, pinned by OCI digest so every colony built from a given release boots exactly the bytes
# that release was tested with. The digest is the multi-arch OCI index digest, so one pin serves both
# linux/amd64 and linux/arm64 colonies.
#
# Compiled into the mothership, so it lives in this crate and is published with it. Same columns as
# vendor/vendor.lock: name, version, platform, kind, sha256, url. `name` is the preset id from src/presets.rs
# (go, not golang — the repository name lives in the reference in the url column), platform is `any` because
# the index covers both architectures, and `url` is the image reference the digest pins: a colony boots
# `<url>@sha256:<sha256>`. scripts/update-runtime-pins.mjs proposes new digests by pull request, the way the
# vendored plugins are updated.
node      24-bookworm   any  image  64af3819f9275802414d7cdc38c27e9d82bd564dec4d4da87d008255d36c63b4  node:24-bookworm
python    3.13-bookworm any  image  ab62bdaec8f090e565b8c76a8cac990229c28a42725f356cc32d9f4dea29806d  python:3.13-bookworm
rust      1-bookworm    any  image  59037199c44290f2befcdd58dcc540164763fc296950255aaefeef096a1866b0  rust:1-bookworm
go        1-bookworm    any  image  69a7b9788769bec032d238959b61854e9ae87f57be9029ec04e9885fabf99195  golang:1-bookworm
