# The colony images, pinned by OCI digest so every colony built from a given release boots exactly the bytes
# that release was tested with. The digest is the multi-arch OCI index digest, so one pin serves both
# linux/amd64 and linux/arm64 colonies.
#
# Compiled into the mothership, so it lives in this crate and is published with it. Same columns as
# vendor/vendor.lock: name, version, platform, kind, sha256, url. `name` is the preset id from src/presets.rs
# (go, not golang — the repository name lives in the reference in the url column), platform is `any` because
# the index covers both architectures, and `url` is the image reference the digest pins: a colony boots
# `<url>@sha256:<sha256>`. scripts/update-runtime-pins.mjs proposes new digests by pull request, the way the
# vendored plugins are updated.
node      24-bookworm   any  image  22553920add6fb1fd909104346924cd30b4b3ac76ca2980f3b8dba8ede3cf945  node:24-bookworm
python    3.13-bookworm any  image  019e89ffb7ec6faa48da392fc9d60869898332a9521c8579d3047fd104134151  python:3.13-bookworm
rust      1-bookworm    any  image  828077e0f5ed0401fbd9cb5b4d5dedca23bd13c7fe032f3e8b7313e7acd2a57f  rust:1-bookworm
go        1-bookworm    any  image  6ed48491acfb40533f6970d9d8ce3cbfc6f2cc7d81413c2f01c871c927d98634  golang:1-bookworm
